
Microsoft Visual Studio Solution File, Format Version 12.00
# Visual Studio 2012
Project("{FAE04EC0-301F-11D3-BF4B-00C04F79EFBC}") = "Connect", "Connect\Connect.csproj", "{3696F76B-3900-41E3-8CEC-1C7E540BB9D7}"
EndProject
Project("{FAE04EC0-301F-11D3-BF4B-00C04F79EFBC}") = "Logic", "Logic\Logic.csproj", "{EFC9E24F-BE2B-4CDB-98FD-783A9515E6F7}"
EndProject
Project("{FAE04EC0-301F-11D3-BF4B-00C04F79EFBC}") = "Data", "Data\Data.csproj", "{F8E49174-966E-4D22-824F-EF1B7E9B9409}"
EndProject
Project("{FAE04EC0-301F-11D3-BF4B-00C04F79EFBC}") = "Entity", "Entity\Entity.csproj", "{5521A3A8-5BC2-4C45-96E5-D00B6A87605A}"
EndProject
Global
	GlobalSection(SolutionConfigurationPlatforms) = preSolution
		Debug|Any CPU = Debug|Any CPU
		Release|Any CPU = Release|Any CPU
	EndGlobalSection
	GlobalSection(ProjectConfigurationPlatforms) = postSolution
		{3696F76B-3900-41E3-8CEC-1C7E540BB9D7}.Debug|Any CPU.ActiveCfg = Debug|Any CPU
		{3696F76B-3900-41E3-8CEC-1C7E540BB9D7}.Debug|Any CPU.Build.0 = Debug|Any CPU
		{3696F76B-3900-41E3-8CEC-1C7E540BB9D7}.Release|Any CPU.ActiveCfg = Release|Any CPU
		{3696F76B-3900-41E3-8CEC-1C7E540BB9D7}.Release|Any CPU.Build.0 = Release|Any CPU
		{EFC9E24F-BE2B-4CDB-98FD-783A9515E6F7}.Debug|Any CPU.ActiveCfg = Debug|Any CPU
		{EFC9E24F-BE2B-4CDB-98FD-783A9515E6F7}.Debug|Any CPU.Build.0 = Debug|Any CPU
		{EFC9E24F-BE2B-4CDB-98FD-783A9515E6F7}.Release|Any CPU.ActiveCfg = Release|Any CPU
		{EFC9E24F-BE2B-4CDB-98FD-783A9515E6F7}.Release|Any CPU.Build.0 = Release|Any CPU
		{F8E49174-966E-4D22-824F-EF1B7E9B9409}.Debug|Any CPU.ActiveCfg = Debug|Any CPU
		{F8E49174-966E-4D22-824F-EF1B7E9B9409}.Debug|Any CPU.Build.0 = Debug|Any CPU
		{F8E49174-966E-4D22-824F-EF1B7E9B9409}.Release|Any CPU.ActiveCfg = Release|Any CPU
		{F8E49174-966E-4D22-824F-EF1B7E9B9409}.Release|Any CPU.Build.0 = Release|Any CPU
		{5521A3A8-5BC2-4C45-96E5-D00B6A87605A}.Debug|Any CPU.ActiveCfg = Debug|Any CPU
		{5521A3A8-5BC2-4C45-96E5-D00B6A87605A}.Debug|Any CPU.Build.0 = Debug|Any CPU
		{5521A3A8-5BC2-4C45-96E5-D00B6A87605A}.Release|Any CPU.ActiveCfg = Release|Any CPU
		{5521A3A8-5BC2-4C45-96E5-D00B6A87605A}.Release|Any CPU.Build.0 = Release|Any CPU
	EndGlobalSection
	GlobalSection(SolutionProperties) = preSolution
		HideSolutionNode = FALSE
	EndGlobalSection
EndGlobal
